// !$*UTF8*$!
{
	archiveVersion = 1;
	classes = {
	};
	objectVersion = 50;
	objects = {

/* Begin PBXBuildFile section */
		FBBCFD292459DECE004B2B90 /* AppDelegate.swift in Sources */ = {isa = PBXBuildFile; fileRef = FBBCFD282459DECE004B2B90 /* AppDelegate.swift */; };
		FBBCFD2B2459DECF004B2B90 /* SceneDelegate.swift in Sources */ = {isa = PBXBuildFile; fileRef = FBBCFD2A2459DECF004B2B90 /* SceneDelegate.swift */; };
		FBBCFD322459DED5004B2B90 /* Assets.xcassets in Resources */ = {isa = PBXBuildFile; fileRef = FBBCFD312459DED5004B2B90 /* Assets.xcassets */; };
		FBBCFD352459DED5004B2B90 /* LaunchScreen.storyboard in Resources */ = {isa = PBXBuildFile; fileRef = FBBCFD332459DED5004B2B90 /* LaunchScreen.storyboard */; };
		FBBCFD452459DF32004B2B90 /* MedController.swift in Sources */ = {isa = PBXBuildFile; fileRef = FBBCFD3D2459DF31004B2B90 /* MedController.swift */; };
		FBBCFD462459DF32004B2B90 /* MedTableViewCell.swift in Sources */ = {isa = PBXBuildFile; fileRef = FBBCFD3F2459DF31004B2B90 /* MedTableViewCell.swift */; };
		FBBCFD472459DF32004B2B90 /* Med.swift in Sources */ = {isa = PBXBuildFile; fileRef = FBBCFD412459DF31004B2B90 /* Med.swift */; };
		FBBCFD482459DF32004B2B90 /* MedsTableViewController.swift in Sources */ = {isa = PBXBuildFile; fileRef = FBBCFD432459DF32004B2B90 /* MedsTableViewController.swift */; };
		FBBCFD492459DF32004B2B90 /* AddMedViewController.swift in Sources */ = {isa = PBXBuildFile; fileRef = FBBCFD442459DF32004B2B90 /* AddMedViewController.swift */; };
		FBBCFD4B2459DF68004B2B90 /* Main.storyboard in Resources */ = {isa = PBXBuildFile; fileRef = FBBCFD4A2459DF68004B2B90 /* Main.storyboard */; };
/* End PBXBuildFile section */

/* Begin PBXFileReference section */
		FBBCFD252459DECE004B2B90 /* MedMinder.app */ = {isa = PBXFileReference; explicitFileType = wrapper.application; includeInIndex = 0; path = MedMinder.app; sourceTree = BUILT_PRODUCTS_DIR; };
		FBBCFD282459DECE004B2B90 /* AppDelegate.swift */ = {isa = PBXFileReference; lastKnownFileType = sourcecode.swift; path = AppDelegate.swift; sourceTree = "<group>"; };
		FBBCFD2A2459DECF004B2B90 /* SceneDelegate.swift */ = {isa = PBXFileReference; lastKnownFileType = sourcecode.swift; path = SceneDelegate.swift; sourceTree = "<group>"; };
		FBBCFD312459DED5004B2B90 /* Assets.xcassets */ = {isa = PBXFileReference; lastKnownFileType = folder.assetcatalog; path = Assets.xcassets; sourceTree = "<group>"; };
		FBBCFD342459DED5004B2B90 /* Base */ = {isa = PBXFileReference; lastKnownFileType = file.storyboard; name = Base; path = Base.lproj/LaunchScreen.storyboard; sourceTree = "<group>"; };
		FBBCFD362459DED5004B2B90 /* Info.plist */ = {isa = PBXFileReference; lastKnownFileType = text.plist.xml; path = Info.plist; sourceTree = "<group>"; };
		FBBCFD3D2459DF31004B2B90 /* MedController.swift */ = {isa = PBXFileReference; fileEncoding = 4; lastKnownFileType = sourcecode.swift; path = MedController.swift; sourceTree = "<group>"; };
		FBBCFD3F2459DF31004B2B90 /* MedTableViewCell.swift */ = {isa = PBXFileReference; fileEncoding = 4; lastKnownFileType = sourcecode.swift; path = MedTableViewCell.swift; sourceTree = "<group>"; };
		FBBCFD412459DF31004B2B90 /* Med.swift */ = {isa = PBXFileReference; fileEncoding = 4; lastKnownFileType = sourcecode.swift; path = Med.swift; sourceTree = "<group>"; };
		FBBCFD432459DF32004B2B90 /* MedsTableViewController.swift */ = {isa = PBXFileReference; fileEncoding = 4; lastKnownFileType = sourcecode.swift; path = MedsTableViewController.swift; sourceTree = "<group>"; };
		FBBCFD442459DF32004B2B90 /* AddMedViewController.swift */ = {isa = PBXFileReference; fileEncoding = 4; lastKnownFileType = sourcecode.swift; path = AddMedViewController.swift; sourceTree = "<group>"; };
		FBBCFD4A2459DF68004B2B90 /* Main.storyboard */ = {isa = PBXFileReference; fileEncoding = 4; lastKnownFileType = file.storyboard; path = Main.storyboard; sourceTree = "<group>"; };
/* End PBXFileReference section */

/* Begin PBXFrameworksBuildPhase section */
		FBBCFD222459DECE004B2B90 /* Frameworks */ = {
			isa = PBXFrameworksBuildPhase;
			buildActionMask = 2147483647;
			files = (
			);
			runOnlyForDeploymentPostprocessing = 0;
		};
/* End PBXFrameworksBuildPhase section */

/* Begin PBXGroup section */
		FBBCFD1C2459DECE004B2B90 = {
			isa = PBXGroup;
			children = (
				FBBCFD272459DECE004B2B90 /* MedMinder */,
				FBBCFD262459DECE004B2B90 /* Products */,
			);
			sourceTree = "<group>";
		};
		FBBCFD262459DECE004B2B90 /* Products */ = {
			isa = PBXGroup;
			children = (
				FBBCFD252459DECE004B2B90 /* MedMinder.app */,
			);
			name = Products;
			sourceTree = "<group>";
		};
		FBBCFD272459DECE004B2B90 /* MedMinder */ = {
			isa = PBXGroup;
			children = (
				FBBCFD4D2459DFD6004B2B90 /* Resources */,
				FBBCFD402459DF31004B2B90 /* Controller */,
				FBBCFD3C2459DF31004B2B90 /* ModelController */,
				FBBCFD4C2459DF74004B2B90 /* Storyboards */,
				FBBCFD422459DF32004B2B90 /* ViewControllers */,
				FBBCFD3E2459DF31004B2B90 /* Views */,
			);
			path = MedMinder;
			sourceTree = "<group>";
		};
		FBBCFD3C2459DF31004B2B90 /* ModelController */ = {
			isa = PBXGroup;
			children = (
				FBBCFD3D2459DF31004B2B90 /* MedController.swift */,
			);
			path = ModelController;
			sourceTree = "<group>";
		};
		FBBCFD3E2459DF31004B2B90 /* Views */ = {
			isa = PBXGroup;
			children = (
				FBBCFD3F2459DF31004B2B90 /* MedTableViewCell.swift */,
			);
			path = Views;
			sourceTree = "<group>";
		};
		FBBCFD402459DF31004B2B90 /* Controller */ = {
			isa = PBXGroup;
			children = (
				FBBCFD412459DF31004B2B90 /* Med.swift */,
			);
			path = Controller;
			sourceTree = "<group>";
		};
		FBBCFD422459DF32004B2B90 /* ViewControllers */ = {
			isa = PBXGroup;
			children = (
				FBBCFD432459DF32004B2B90 /* MedsTableViewController.swift */,
				FBBCFD442459DF32004B2B90 /* AddMedViewController.swift */,
			);
			path = ViewControllers;
			sourceTree = "<group>";
		};
		FBBCFD4C2459DF74004B2B90 /* Storyboards */ = {
			isa = PBXGroup;
			children = (
				FBBCFD332459DED5004B2B90 /* LaunchScreen.storyboard */,
				FBBCFD4A2459DF68004B2B90 /* Main.storyboard */,
			);
			path = Storyboards;
			sourceTree = "<group>";
		};
		FBBCFD4D2459DFD6004B2B90 /* Resources */ = {
			isa = PBXGroup;
			children = (
				FBBCFD282459DECE004B2B90 /* AppDelegate.swift */,
				FBBCFD312459DED5004B2B90 /* Assets.xcassets */,
				FBBCFD362459DED5004B2B90 /* Info.plist */,
				FBBCFD2A2459DECF004B2B90 /* SceneDelegate.swift */,
			);
			path = Resources;
			sourceTree = "<group>";
		};
/* End PBXGroup section */

/* Begin PBXNativeTarget section */
		FBBCFD242459DECE004B2B90 /* MedMinder */ = {
			isa = PBXNativeTarget;
			buildConfigurationList = FBBCFD392459DED5004B2B90 /* Build configuration list for PBXNativeTarget "MedMinder" */;
			buildPhases = (
				FBBCFD212459DECE004B2B90 /* Sources */,
				FBBCFD222459DECE004B2B90 /* Frameworks */,
				FBBCFD232459DECE004B2B90 /* Resources */,
			);
			buildRules = (
			);
			dependencies = (
			);
			name = MedMinder;
			productName = MedMinder;
			productReference = FBBCFD252459DECE004B2B90 /* MedMinder.app */;
			productType = "com.apple.product-type.application";
		};
/* End PBXNativeTarget section */

/* Begin PBXProject section */
		FBBCFD1D2459DECE004B2B90 /* Project object */ = {
			isa = PBXProject;
			attributes = {
				LastSwiftUpdateCheck = 1140;
				LastUpgradeCheck = 1310;
				ORGANIZATIONNAME = "Lambda School";
				TargetAttributes = {
					FBBCFD242459DECE004B2B90 = {
						CreatedOnToolsVersion = 11.4;
					};
				};
			};
			buildConfigurationList = FBBCFD202459DECE004B2B90 /* Build configuration list for PBXProject "MedMinder" */;
			compatibilityVersion = "Xcode 9.3";
			developmentRegion = en;
			hasScannedForEncodings = 0;
			knownRegions = (
				en,
				Base,
			);
			mainGroup = FBBCFD1C2459DECE004B2B90;
			productRefGroup = FBBCFD262459DECE004B2B90 /* Products */;
			projectDirPath = "";
			projectRoot = "";
			targets = (
				FBBCFD242459DECE004B2B90 /* MedMinder */,
			);
		};
/* End PBXProject section */

/* Begin PBXResourcesBuildPhase section */
		FBBCFD232459DECE004B2B90 /* Resources */ = {
			isa = PBXResourcesBuildPhase;
			buildActionMask = 2147483647;
			files = (
				FBBCFD4B2459DF68004B2B90 /* Main.storyboard in Resources */,
				FBBCFD352459DED5004B2B90 /* LaunchScreen.storyboard in Resources */,
				FBBCFD322459DED5004B2B90 /* Assets.xcassets in Resources */,
			);
			runOnlyForDeploymentPostprocessing = 0;
		};
/* End PBXResourcesBuildPhase section */

/* Begin PBXSourcesBuildPhase section */
		FBBCFD212459DECE004B2B90 /* Sources */ = {
			isa = PBXSourcesBuildPhase;
			buildActionMask = 2147483647;
			files = (
				FBBCFD452459DF32004B2B90 /* MedController.swift in Sources */,
				FBBCFD482459DF32004B2B90 /* MedsTableViewController.swift in Sources */,
				FBBCFD492459DF32004B2B90 /* AddMedViewController.swift in Sources */,
				FBBCFD292459DECE004B2B90 /* AppDelegate.swift in Sources */,
				FBBCFD2B2459DECF004B2B90 /* SceneDelegate.swift in Sources */,
				FBBCFD472459DF32004B2B90 /* Med.swift in Sources */,
				FBBCFD462459DF32004B2B90 /* MedTableViewCell.swift in Sources */,
			);
			runOnlyForDeploymentPostprocessing = 0;
		};
/* End PBXSourcesBuildPhase section */

/* Begin PBXVariantGroup section */
		FBBCFD332459DED5004B2B90 /* LaunchScreen.storyboard */ = {
			isa = PBXVariantGroup;
			children = (
				FBBCFD342459DED5004B2B90 /* Base */,
			);
			name = LaunchScreen.storyboard;
			sourceTree = "<group>";
		};
/* End PBXVariantGroup section */

/* Begin XCBuildConfiguration section */
		FBBCFD372459DED5004B2B90 /* Debug */ = {
			isa = XCBuildConfiguration;
			buildSettings = {
				ALWAYS_SEARCH_USER_PATHS = NO;
				CLANG_ANALYZER_NONNULL = YES;
				CLANG_ANALYZER_NUMBER_OBJECT_CONVERSION = YES_AGGRESSIVE;
				CLANG_CXX_LANGUAGE_STANDARD = "gnu++14";
				CLANG_CXX_LIBRARY = "libc++";
				CLANG_ENABLE_MODULES = YES;
				CLANG_ENABLE_OBJC_ARC = YES;
				CLANG_ENABLE_OBJC_WEAK = YES;
				CLANG_WARN_BLOCK_CAPTURE_AUTORELEASING = YES;
				CLANG_WARN_BOOL_CONVERSION = YES;
				CLANG_WARN_COMMA = YES;
				CLANG_WARN_CONSTANT_CONVERSION = YES;
				CLANG_WARN_DEPRECATED_OBJC_IMPLEMENTATIONS = YES;
				CLANG_WARN_DIRECT_OBJC_ISA_USAGE = YES_ERROR;
				CLANG_WARN_DOCUMENTATION_COMMENTS = YES;
				CLANG_WARN_EMPTY_BODY = YES;
				CLANG_WARN_ENUM_CONVERSION = YES;
				CLANG_WARN_INFINITE_RECURSION = YES;
				CLANG_WARN_INT_CONVERSION = YES;
				CLANG_WARN_NON_LITERAL_NULL_CONVERSION = YES;
				CLANG_WARN_OBJC_IMPLICIT_RETAIN_SELF = YES;
				CLANG_WARN_OBJC_LITERAL_CONVERSION = YES;
				CLANG_WARN_OBJC_ROOT_CLASS = YES_ERROR;
				CLANG_WARN_QUOTED_INCLUDE_IN_FRAMEWORK_HEADER = YES;
				CLANG_WARN_RANGE_LOOP_ANALYSIS = YES;
				CLANG_WARN_STRICT_PROTOTYPES = YES;
				CLANG_WARN_SUSPICIOUS_MOVE = YES;
				CLANG_WARN_UNGUARDED_AVAILABILITY = YES_AGGRESSIVE;
				CLANG_WARN_UNREACHABLE_CODE = YES;
				CLANG_WARN__DUPLICATE_METHOD_MATCH = YES;
				COPY_PHASE_STRIP = NO;
				DEBUG_INFORMATION_FORMAT = dwarf;
				ENABLE_STRICT_OBJC_MSGSEND = YES;
				ENABLE_TESTABILITY = YES;
				GCC_C_LANGUAGE_STANDARD = gnu11;
				GCC_DYNAMIC_NO_PIC = NO;
				GCC_NO_COMMON_BLOCKS = YES;
				GCC_OPTIMIZATION_LEVEL = 0;
				GCC_PREPROCESSOR_DEFINITIONS = (
					"DEBUG=1",
					"$(inherited)",
				);
				GCC_WARN_64_TO_32_BIT_CONVERSION = YES;
				GCC_WARN_ABOUT_RETURN_TYPE = YES_ERROR;
				GCC_WARN_UNDECLARED_SELECTOR = YES;
				GCC_WARN_UNINITIALIZED_AUTOS = YES_AGGRESSIVE;
				GCC_WARN_UNUSED_FUNCTION = YES;
				GCC_WARN_UNUSED_VARIABLE = YES;
				IPHONEOS_DEPLOYMENT_TARGET = 13.4;
				MTL_ENABLE_DEBUG_INFO = INCLUDE_SOURCE;
				MTL_FAST_MATH = YES;
				ONLY_ACTIVE_ARCH = YES;
				SDKROOT = iphoneos;
				SWIFT_ACTIVE_COMPILATION_CONDITIONS = DEBUG;
				SWIFT_OPTIMIZATION_LEVEL = "-Onone";
			};
			name = Debug;
		};
		FBBCFD382459DED5004B2B90 /* Release */ = {
			isa = XCBuildConfiguration;
			buildSettings = {
				ALWAYS_SEARCH_USER_PATHS = NO;
				CLANG_ANALYZER_NONNULL = YES;
				CLANG_ANALYZER_NUMBER_OBJECT_CONVERSION = YES_AGGRESSIVE;
				CLANG_CXX_LANGUAGE_STANDARD = "gnu++14";
				CLANG_CXX_LIBRARY = "libc++";
				CLANG_ENABLE_MODULES = YES;
				CLANG_ENABLE_OBJC_ARC = YES;
				CLANG_ENABLE_OBJC_WEAK = YES;
				CLANG_WARN_BLOCK_CAPTURE_AUTORELEASING = YES;
				CLANG_WARN_BOOL_CONVERSION = YES;
				CLANG_WARN_COMMA = YES;
				CLANG_WARN_CONSTANT_CONVERSION = YES;
				CLANG_WARN_DEPRECATED_OBJC_IMPLEMENTATIONS = YES;
				CLANG_WARN_DIRECT_OBJC_ISA_USAGE = YES_ERROR;
				CLANG_WARN_DOCUMENTATION_COMMENTS = YES;
				CLANG_WARN_EMPTY_BODY = YES;
				CLANG_WARN_ENUM_CONVERSION = YES;
				CLANG_WARN_INFINITE_RECURSION = YES;
				CLANG_WARN_INT_CONVERSION = YES;
				CLANG_WARN_NON_LITERAL_NULL_CONVERSION = YES;
				CLANG_WARN_OBJC_IMPLICIT_RETAIN_SELF = YES;
				CLANG_WARN_OBJC_LITERAL_CONVERSION = YES;
				CLANG_WARN_OBJC_ROOT_CLASS = YES_ERROR;
				CLANG_WARN_QUOTED_INCLUDE_IN_FRAMEWORK_HEADER = YES;
				CLANG_WARN_RANGE_LOOP_ANALYSIS = YES;
				CLANG_WARN_STRICT_PROTOTYPES = YES;
				CLANG_WARN_SUSPICIOUS_MOVE = YES;
				CLANG_WARN_UNGUARDED_AVAILABILITY = YES_AGGRESSIVE;
				CLANG_WARN_UNREACHABLE_CODE = YES;
				CLANG_WARN__DUPLICATE_METHOD_MATCH = YES;
				COPY_PHASE_STRIP = NO;
				DEBUG_INFORMATION_FORMAT = "dwarf-with-dsym";
				ENABLE_NS_ASSERTIONS = NO;
				ENABLE_STRICT_OBJC_MSGSEND = YES;
				GCC_C_LANGUAGE_STANDARD = gnu11;
				GCC_NO_COMMON_BLOCKS = YES;
				GCC_WARN_64_TO_32_BIT_CONVERSION = YES;
				GCC_WARN_ABOUT_RETURN_TYPE = YES_ERROR;
				GCC_WARN_UNDECLARED_SELECTOR = YES;
				GCC_WARN_UNINITIALIZED_AUTOS = YES_AGGRESSIVE;
				GCC_WARN_UNUSED_FUNCTION = YES;
				GCC_WARN_UNUSED_VARIABLE = YES;
				IPHONEOS_DEPLOYMENT_TARGET = 13.4;
				MTL_ENABLE_DEBUG_INFO = NO;
				MTL_FAST_MATH = YES;
				SDKROOT = iphoneos;
				SWIFT_COMPILATION_MODE = wholemodule;
				SWIFT_OPTIMIZATION_LEVEL = "-O";
				VALIDATE_PRODUCT = YES;
			};
			name = Release;
		};
		FBBCFD3A2459DED5004B2B90 /* Debug */ = {
			isa = XCBuildConfiguration;
			buildSettings = {
				ASSETCATALOG_COMPILER_APPICON_NAME = AppIcon;
				CODE_SIGN_STYLE = Automatic;
				DEVELOPMENT_TEAM = 9R25T4JLNG;
				INFOPLIST_FILE = MedMinder/Resources/Info.plist;
				LD_RUNPATH_SEARCH_PATHS = (
					"$(inherited)",
					"@executable_path/Frameworks",
				);
				PRODUCT_BUNDLE_IDENTIFIER = com.lambdaschool.MedMinder;
				PRODUCT_NAME = "$(TARGET_NAME)";
				SWIFT_VERSION = 5.0;
				TARGETED_DEVICE_FAMILY = "1,2";
			};
			name = Debug;
		};
		FBBCFD3B2459DED5004B2B90 /* Release */ = {
			isa = XCBuildConfiguration;
			buildSettings = {
				ASSETCATALOG_COMPILER_APPICON_NAME = AppIcon;
				CODE_SIGN_STYLE = Automatic;
				DEVELOPMENT_TEAM = 9R25T4JLNG;
				INFOPLIST_FILE = MedMinder/Resources/Info.plist;
				LD_RUNPATH_SEARCH_PATHS = (
					"$(inherited)",
					"@executable_path/Frameworks",
				);
				PRODUCT_BUNDLE_IDENTIFIER = com.lambdaschool.MedMinder;
				PRODUCT_NAME = "$(TARGET_NAME)";
				SWIFT_VERSION = 5.0;
				TARGETED_DEVICE_FAMILY = "1,2";
			};
			name = Release;
		};
/* End XCBuildConfiguration section */

/* Begin XCConfigurationList section */
		FBBCFD202459DECE004B2B90 /* Build configuration list for PBXProject "MedMinder" */ = {
			isa = XCConfigurationList;
			buildConfigurations = (
				FBBCFD372459DED5004B2B90 /* Debug */,
				FBBCFD382459DED5004B2B90 /* Release */,
			);
			defaultConfigurationIsVisible = 0;
			defaultConfigurationName = Release;
		};
		FBBCFD392459DED5004B2B90 /* Build configuration list for PBXNativeTarget "MedMinder" */ = {
			isa = XCConfigurationList;
			buildConfigurations = (
				FBBCFD3A2459DED5004B2B90 /* Debug */,
				FBBCFD3B2459DED5004B2B90 /* Release */,
			);
			defaultConfigurationIsVisible = 0;
			defaultConfigurationName = Release;
		};
/* End XCConfigurationList section */
	};
	rootObject = FBBCFD1D2459DECE004B2B90 /* Project object */;
}
